// !$*UTF8*$!
{
	archiveVersion = 1;
	classes = {
	};
	objectVersion = 55;
	objects = {

/* Begin PBXBuildFile section */
		9EAB44E52742569B00D01DFF /* birthdayApp.swift in Sources */ = {isa = PBXBuildFile; fileRef = 9EAB44E42742569B00D01DFF /* birthdayApp.swift */; };
		9EAB44E72742569B00D01DFF /* ContentView.swift in Sources */ = {isa = PBXBuildFile; fileRef = 9EAB44E62742569B00D01DFF /* ContentView.swift */; };
		9EAB44E92742569E00D01DFF /* Assets.xcassets in Resources */ = {isa = PBXBuildFile; fileRef = 9EAB44E82742569E00D01DFF /* Assets.xcassets */; };
		9EAB44EC2742569E00D01DFF /* Preview Assets.xcassets in Resources */ = {isa = PBXBuildFile; fileRef = 9EAB44EB2742569E00D01DFF /* Preview Assets.xcassets */; };
		9EAB44F62742569E00D01DFF /* birthdayTests.swift in Sources */ = {isa = PBXBuildFile; fileRef = 9EAB44F52742569E00D01DFF /* birthdayTests.swift */; };
		9EAB45002742569E00D01DFF /* birthdayUITests.swift in Sources */ = {isa = PBXBuildFile; fileRef = 9EAB44FF2742569E00D01DFF /* birthdayUITests.swift */; };
		9EAB45022742569E00D01DFF /* birthdayUITestsLaunchTests.swift in Sources */ = {isa = PBXBuildFile; fileRef = 9EAB45012742569E00D01DFF /* birthdayUITestsLaunchTests.swift */; };
		9EAB450F2742D27500D01DFF /* ImagePicker.swift in Sources */ = {isa = PBXBuildFile; fileRef = 9EAB450E2742D27400D01DFF /* ImagePicker.swift */; };
/* End PBXBuildFile section */

/* Begin PBXContainerItemProxy section */
		9EAB44F22742569E00D01DFF /* PBXContainerItemProxy */ = {
			isa = PBXContainerItemProxy;
			containerPortal = 9EAB44D92742569B00D01DFF /* Project object */;
			proxyType = 1;
			remoteGlobalIDString = 9EAB44E02742569B00D01DFF;
			remoteInfo = birthday;
		};
		9EAB44FC2742569E00D01DFF /* PBXContainerItemProxy */ = {
			isa = PBXContainerItemProxy;
			containerPortal = 9EAB44D92742569B00D01DFF /* Project object */;
			proxyType = 1;
			remoteGlobalIDString = 9EAB44E02742569B00D01DFF;
			remoteInfo = birthday;
		};
/* End PBXContainerItemProxy section */

/* Begin PBXFileReference section */
		9EAB44E12742569B00D01DFF /* birthday.app */ = {isa = PBXFileReference; explicitFileType = wrapper.application; includeInIndex = 0; path = birthday.app; sourceTree = BUILT_PRODUCTS_DIR; };
		9EAB44E42742569B00D01DFF /* birthdayApp.swift */ = {isa = PBXFileReference; lastKnownFileType = sourcecode.swift; path = birthdayApp.swift; sourceTree = "<group>"; };
		9EAB44E62742569B00D01DFF /* ContentView.swift */ = {isa = PBXFileReference; lastKnownFileType = sourcecode.swift; path = ContentView.swift; sourceTree = "<group>"; };
		9EAB44E82742569E00D01DFF /* Assets.xcassets */ = {isa = PBXFileReference; lastKnownFileType = folder.assetcatalog; path = Assets.xcassets; sourceTree = "<group>"; };
		9EAB44EB2742569E00D01DFF /* Preview Assets.xcassets */ = {isa = PBXFileReference; lastKnownFileType = folder.assetcatalog; path = "Preview Assets.xcassets"; sourceTree = "<group>"; };
		9EAB44F12742569E00D01DFF /* birthdayTests.xctest */ = {isa = PBXFileReference; explicitFileType = wrapper.cfbundle; includeInIndex = 0; path = birthdayTests.xctest; sourceTree = BUILT_PRODUCTS_DIR; };
		9EAB44F52742569E00D01DFF /* birthdayTests.swift */ = {isa = PBXFileReference; lastKnownFileType = sourcecode.swift; path = birthdayTests.swift; sourceTree = "<group>"; };
		9EAB44FB2742569E00D01DFF /* birthdayUITests.xctest */ = {isa = PBXFileReference; explicitFileType = wrapper.cfbundle; includeInIndex = 0; path = birthdayUITests.xctest; sourceTree = BUILT_PRODUCTS_DIR; };
		9EAB44FF2742569E00D01DFF /* birthdayUITests.swift */ = {isa = PBXFileReference; lastKnownFileType = sourcecode.swift; path = birthdayUITests.swift; sourceTree = "<group>"; };
		9EAB45012742569E00D01DFF /* birthdayUITestsLaunchTests.swift */ = {isa = PBXFileReference; lastKnownFileType = sourcecode.swift; path = birthdayUITestsLaunchTests.swift; sourceTree = "<group>"; };
		9EAB450E2742D27400D01DFF /* ImagePicker.swift */ = {isa = PBXFileReference; lastKnownFileType = sourcecode.swift; path = ImagePicker.swift; sourceTree = "<group>"; };
/* End PBXFileReference section */

/* Begin PBXFrameworksBuildPhase section */
		9EAB44DE2742569B00D01DFF /* Frameworks */ = {
			isa = PBXFrameworksBuildPhase;
			buildActionMask = 2147483647;
			files = (
			);
			runOnlyForDeploymentPostprocessing = 0;
		};
		9EAB44EE2742569E00D01DFF /* Frameworks */ = {
			isa = PBXFrameworksBuildPhase;
			buildActionMask = 2147483647;
			files = (
			);
			runOnlyForDeploymentPostprocessing = 0;
		};
		9EAB44F82742569E00D01DFF /* Frameworks */ = {
			isa = PBXFrameworksBuildPhase;
			buildActionMask = 2147483647;
			files = (
			);
			runOnlyForDeploymentPostprocessing = 0;
		};
/* End PBXFrameworksBuildPhase section */

/* Begin PBXGroup section */
		9EAB44D82742569B00D01DFF = {
			isa = PBXGroup;
			children = (
				9EAB44E32742569B00D01DFF /* src */,
				9EAB44F42742569E00D01DFF /* birthdayTests */,
				9EAB44FE2742569E00D01DFF /* birthdayUITests */,
				9EAB44E22742569B00D01DFF /* Products */,
			);
			sourceTree = "<group>";
		};
		9EAB44E22742569B00D01DFF /* Products */ = {
			isa = PBXGroup;
			children = (
				9EAB44E12742569B00D01DFF /* birthday.app */,
				9EAB44F12742569E00D01DFF /* birthdayTests.xctest */,
				9EAB44FB2742569E00D01DFF /* birthdayUITests.xctest */,
			);
			name = Products;
			sourceTree = "<group>";
		};
		9EAB44E32742569B00D01DFF /* src */ = {
			isa = PBXGroup;
			children = (
				9EAB44E42742569B00D01DFF /* birthdayApp.swift */,
				9EAB44E62742569B00D01DFF /* ContentView.swift */,
				9EAB450E2742D27400D01DFF /* ImagePicker.swift */,
				9EAB44E82742569E00D01DFF /* Assets.xcassets */,
				9EAB44EA2742569E00D01DFF /* Preview Content */,
			);
			path = src;
			sourceTree = "<group>";
		};
		9EAB44EA2742569E00D01DFF /* Preview Content */ = {
			isa = PBXGroup;
			children = (
				9EAB44EB2742569E00D01DFF /* Preview Assets.xcassets */,
			);
			path = "Preview Content";
			sourceTree = "<group>";
		};
		9EAB44F42742569E00D01DFF /* birthdayTests */ = {
			isa = PBXGroup;
			children = (
				9EAB44F52742569E00D01DFF /* birthdayTests.swift */,
			);
			path = birthdayTests;
			sourceTree = "<group>";
		};
		9EAB44FE2742569E00D01DFF /* birthdayUITests */ = {
			isa = PBXGroup;
			children = (
				9EAB44FF2742569E00D01DFF /* birthdayUITests.swift */,
				9EAB45012742569E00D01DFF /* birthdayUITestsLaunchTests.swift */,
			);
			path = birthdayUITests;
			sourceTree = "<group>";
		};
/* End PBXGroup section */

/* Begin PBXNativeTarget section */
		9EAB44E02742569B00D01DFF /* birthday */ = {
			isa = PBXNativeTarget;
			buildConfigurationList = 9EAB45052742569E00D01DFF /* Build configuration list for PBXNativeTarget "birthday" */;
			buildPhases = (
				9EAB44DD2742569B00D01DFF /* Sources */,
				9EAB44DE2742569B00D01DFF /* Frameworks */,
				9EAB44DF2742569B00D01DFF /* Resources */,
			);
			buildRules = (
			);
			dependencies = (
			);
			name = birthday;
			productName = birthday;
			productReference = 9EAB44E12742569B00D01DFF /* birthday.app */;
			productType = "com.apple.product-type.application";
		};
		9EAB44F02742569E00D01DFF /* birthdayTests */ = {
			isa = PBXNativeTarget;
			buildConfigurationList = 9EAB45082742569E00D01DFF /* Build configuration list for PBXNativeTarget "birthdayTests" */;
			buildPhases = (
				9EAB44ED2742569E00D01DFF /* Sources */,
				9EAB44EE2742569E00D01DFF /* Frameworks */,
				9EAB44EF2742569E00D01DFF /* Resources */,
			);
			buildRules = (
			);
			dependencies = (
				9EAB44F32742569E00D01DFF /* PBXTargetDependency */,
			);
			name = birthdayTests;
			productName = birthdayTests;
			productReference = 9EAB44F12742569E00D01DFF /* birthdayTests.xctest */;
			productType = "com.apple.product-type.bundle.unit-test";
		};
		9EAB44FA2742569E00D01DFF /* birthdayUITests */ = {
			isa = PBXNativeTarget;
			buildConfigurationList = 9EAB450B2742569E00D01DFF /* Build configuration list for PBXNativeTarget "birthdayUITests" */;
			buildPhases = (
				9EAB44F72742569E00D01DFF /* Sources */,
				9EAB44F82742569E00D01DFF /* Frameworks */,
				9EAB44F92742569E00D01DFF /* Resources */,
			);
			buildRules = (
			);
			dependencies = (
				9EAB44FD2742569E00D01DFF /* PBXTargetDependency */,
			);
			name = birthdayUITests;
			productName = birthdayUITests;
			productReference = 9EAB44FB2742569E00D01DFF /* birthdayUITests.xctest */;
			productType = "com.apple.product-type.bundle.ui-testing";
		};
/* End PBXNativeTarget section */

/* Begin PBXProject section */
		9EAB44D92742569B00D01DFF /* Project object */ = {
			isa = PBXProject;
			attributes = {
				BuildIndependentTargetsInParallel = 1;
				LastSwiftUpdateCheck = 1310;
				LastUpgradeCheck = 1310;
				TargetAttributes = {
					9EAB44E02742569B00D01DFF = {
						CreatedOnToolsVersion = 13.1;
					};
					9EAB44F02742569E00D01DFF = {
						CreatedOnToolsVersion = 13.1;
						TestTargetID = 9EAB44E02742569B00D01DFF;
					};
					9EAB44FA2742569E00D01DFF = {
						CreatedOnToolsVersion = 13.1;
						TestTargetID = 9EAB44E02742569B00D01DFF;
					};
				};
			};
			buildConfigurationList = 9EAB44DC2742569B00D01DFF /* Build configuration list for PBXProject "birthday" */;
			compatibilityVersion = "Xcode 13.0";
			developmentRegion = en;
			hasScannedForEncodings = 0;
			knownRegions = (
				en,
				Base,
			);
			mainGroup = 9EAB44D82742569B00D01DFF;
			productRefGroup = 9EAB44E22742569B00D01DFF /* Products */;
			projectDirPath = "";
			projectRoot = "";
			targets = (
				9EAB44E02742569B00D01DFF /* birthday */,
				9EAB44F02742569E00D01DFF /* birthdayTests */,
				9EAB44FA2742569E00D01DFF /* birthdayUITests */,
			);
		};
/* End PBXProject section */

/* Begin PBXResourcesBuildPhase section */
		9EAB44DF2742569B00D01DFF /* Resources */ = {
			isa = PBXResourcesBuildPhase;
			buildActionMask = 2147483647;
			files = (
				9EAB44EC2742569E00D01DFF /* Preview Assets.xcassets in Resources */,
				9EAB44E92742569E00D01DFF /* Assets.xcassets in Resources */,
			);
			runOnlyForDeploymentPostprocessing = 0;
		};
		9EAB44EF2742569E00D01DFF /* Resources */ = {
			isa = PBXResourcesBuildPhase;
			buildActionMask = 2147483647;
			files = (
			);
			runOnlyForDeploymentPostprocessing = 0;
		};
		9EAB44F92742569E00D01DFF /* Resources */ = {
			isa = PBXResourcesBuildPhase;
			buildActionMask = 2147483647;
			files = (
			);
			runOnlyForDeploymentPostprocessing = 0;
		};
/* End PBXResourcesBuildPhase section */

/* Begin PBXSourcesBuildPhase section */
		9EAB44DD2742569B00D01DFF /* Sources */ = {
			isa = PBXSourcesBuildPhase;
			buildActionMask = 2147483647;
			files = (
				9EAB450F2742D27500D01DFF /* ImagePicker.swift in Sources */,
				9EAB44E72742569B00D01DFF /* ContentView.swift in Sources */,
				9EAB44E52742569B00D01DFF /* birthdayApp.swift in Sources */,
			);
			runOnlyForDeploymentPostprocessing = 0;
		};
		9EAB44ED2742569E00D01DFF /* Sources */ = {
			isa = PBXSourcesBuildPhase;
			buildActionMask = 2147483647;
			files = (
				9EAB44F62742569E00D01DFF /* birthdayTests.swift in Sources */,
			);
			runOnlyForDeploymentPostprocessing = 0;
		};
		9EAB44F72742569E00D01DFF /* Sources */ = {
			isa = PBXSourcesBuildPhase;
			buildActionMask = 2147483647;
			files = (
				9EAB45022742569E00D01DFF /* birthdayUITestsLaunchTests.swift in Sources */,
				9EAB45002742569E00D01DFF /* birthdayUITests.swift in Sources */,
			);
			runOnlyForDeploymentPostprocessing = 0;
		};
/* End PBXSourcesBuildPhase section */

/* Begin PBXTargetDependency section */
		9EAB44F32742569E00D01DFF /* PBXTargetDependency */ = {
			isa = PBXTargetDependency;
			target = 9EAB44E02742569B00D01DFF /* birthday */;
			targetProxy = 9EAB44F22742569E00D01DFF /* PBXContainerItemProxy */;
		};
		9EAB44FD2742569E00D01DFF /* PBXTargetDependency */ = {
			isa = PBXTargetDependency;
			target = 9EAB44E02742569B00D01DFF /* birthday */;
			targetProxy = 9EAB44FC2742569E00D01DFF /* PBXContainerItemProxy */;
		};
/* End PBXTargetDependency section */

/* Begin XCBuildConfiguration section */
		9EAB45032742569E00D01DFF /* Debug */ = {
			isa = XCBuildConfiguration;
			buildSettings = {
				ALWAYS_SEARCH_USER_PATHS = NO;
				CLANG_ANALYZER_NONNULL = YES;
				CLANG_ANALYZER_NUMBER_OBJECT_CONVERSION = YES_AGGRESSIVE;
				CLANG_CXX_LANGUAGE_STANDARD = "gnu++17";
				CLANG_CXX_LIBRARY = "libc++";
				CLANG_ENABLE_MODULES = YES;
				CLANG_ENABLE_OBJC_ARC = YES;
				CLANG_ENABLE_OBJC_WEAK = YES;
				CLANG_WARN_BLOCK_CAPTURE_AUTORELEASING = YES;
				CLANG_WARN_BOOL_CONVERSION = YES;
				CLANG_WARN_COMMA = YES;
				CLANG_WARN_CONSTANT_CONVERSION = YES;
				CLANG_WARN_DEPRECATED_OBJC_IMPLEMENTATIONS = YES;
				CLANG_WARN_DIRECT_OBJC_ISA_USAGE = YES_ERROR;
				CLANG_WARN_DOCUMENTATION_COMMENTS = YES;
				CLANG_WARN_EMPTY_BODY = YES;
				CLANG_WARN_ENUM_CONVERSION = YES;
				CLANG_WARN_INFINITE_RECURSION = YES;
				CLANG_WARN_INT_CONVERSION = YES;
				CLANG_WARN_NON_LITERAL_NULL_CONVERSION = YES;
				CLANG_WARN_OBJC_IMPLICIT_RETAIN_SELF = YES;
				CLANG_WARN_OBJC_LITERAL_CONVERSION = YES;
				CLANG_WARN_OBJC_ROOT_CLASS = YES_ERROR;
				CLANG_WARN_QUOTED_INCLUDE_IN_FRAMEWORK_HEADER = YES;
				CLANG_WARN_RANGE_LOOP_ANALYSIS = YES;
				CLANG_WARN_STRICT_PROTOTYPES = YES;
				CLANG_WARN_SUSPICIOUS_MOVE = YES;
				CLANG_WARN_UNGUARDED_AVAILABILITY = YES_AGGRESSIVE;
				CLANG_WARN_UNREACHABLE_CODE = YES;
				CLANG_WARN__DUPLICATE_METHOD_MATCH = YES;
				COPY_PHASE_STRIP = NO;
				DEBUG_INFORMATION_FORMAT = dwarf;
				ENABLE_STRICT_OBJC_MSGSEND = YES;
				ENABLE_TESTABILITY = YES;
				GCC_C_LANGUAGE_STANDARD = gnu11;
				GCC_DYNAMIC_NO_PIC = NO;
				GCC_NO_COMMON_BLOCKS = YES;
				GCC_OPTIMIZATION_LEVEL = 0;
				GCC_PREPROCESSOR_DEFINITIONS = (
					"DEBUG=1",
					"$(inherited)",
				);
				GCC_WARN_64_TO_32_BIT_CONVERSION = YES;
				GCC_WARN_ABOUT_RETURN_TYPE = YES_ERROR;
				GCC_WARN_UNDECLARED_SELECTOR = YES;
				GCC_WARN_UNINITIALIZED_AUTOS = YES_AGGRESSIVE;
				GCC_WARN_UNUSED_FUNCTION = YES;
				GCC_WARN_UNUSED_VARIABLE = YES;
				IPHONEOS_DEPLOYMENT_TARGET = 15.0;
				MTL_ENABLE_DEBUG_INFO = INCLUDE_SOURCE;
				MTL_FAST_MATH = YES;
				ONLY_ACTIVE_ARCH = YES;
				SDKROOT = iphoneos;
				SWIFT_ACTIVE_COMPILATION_CONDITIONS = DEBUG;
				SWIFT_OPTIMIZATION_LEVEL = "-Onone";
			};
			name = Debug;
		};
		9EAB45042742569E00D01DFF /* Release */ = {
			isa = XCBuildConfiguration;
			buildSettings = {
				ALWAYS_SEARCH_USER_PATHS = NO;
				CLANG_ANALYZER_NONNULL = YES;
				CLANG_ANALYZER_NUMBER_OBJECT_CONVERSION = YES_AGGRESSIVE;
				CLANG_CXX_LANGUAGE_STANDARD = "gnu++17";
				CLANG_CXX_LIBRARY = "libc++";
				CLANG_ENABLE_MODULES = YES;
				CLANG_ENABLE_OBJC_ARC = YES;
				CLANG_ENABLE_OBJC_WEAK = YES;
				CLANG_WARN_BLOCK_CAPTURE_AUTORELEASING = YES;
				CLANG_WARN_BOOL_CONVERSION = YES;
				CLANG_WARN_COMMA = YES;
				CLANG_WARN_CONSTANT_CONVERSION = YES;
				CLANG_WARN_DEPRECATED_OBJC_IMPLEMENTATIONS = YES;
				CLANG_WARN_DIRECT_OBJC_ISA_USAGE = YES_ERROR;
				CLANG_WARN_DOCUMENTATION_COMMENTS = YES;
				CLANG_WARN_EMPTY_BODY = YES;
				CLANG_WARN_ENUM_CONVERSION = YES;
				CLANG_WARN_INFINITE_RECURSION = YES;
				CLANG_WARN_INT_CONVERSION = YES;
				CLANG_WARN_NON_LITERAL_NULL_CONVERSION = YES;
				CLANG_WARN_OBJC_IMPLICIT_RETAIN_SELF = YES;
				CLANG_WARN_OBJC_LITERAL_CONVERSION = YES;
				CLANG_WARN_OBJC_ROOT_CLASS = YES_ERROR;
				CLANG_WARN_QUOTED_INCLUDE_IN_FRAMEWORK_HEADER = YES;
				CLANG_WARN_RANGE_LOOP_ANALYSIS = YES;
				CLANG_WARN_STRICT_PROTOTYPES = YES;
				CLANG_WARN_SUSPICIOUS_MOVE = YES;
				CLANG_WARN_UNGUARDED_AVAILABILITY = YES_AGGRESSIVE;
				CLANG_WARN_UNREACHABLE_CODE = YES;
				CLANG_WARN__DUPLICATE_METHOD_MATCH = YES;
				COPY_PHASE_STRIP = NO;
				DEBUG_INFORMATION_FORMAT = "dwarf-with-dsym";
				ENABLE_NS_ASSERTIONS = NO;
				ENABLE_STRICT_OBJC_MSGSEND = YES;
				GCC_C_LANGUAGE_STANDARD = gnu11;
				GCC_NO_COMMON_BLOCKS = YES;
				GCC_WARN_64_TO_32_BIT_CONVERSION = YES;
				GCC_WARN_ABOUT_RETURN_TYPE = YES_ERROR;
				GCC_WARN_UNDECLARED_SELECTOR = YES;
				GCC_WARN_UNINITIALIZED_AUTOS = YES_AGGRESSIVE;
				GCC_WARN_UNUSED_FUNCTION = YES;
				GCC_WARN_UNUSED_VARIABLE = YES;
				IPHONEOS_DEPLOYMENT_TARGET = 15.0;
				MTL_ENABLE_DEBUG_INFO = NO;
				MTL_FAST_MATH = YES;
				SDKROOT = iphoneos;
				SWIFT_COMPILATION_MODE = wholemodule;
				SWIFT_OPTIMIZATION_LEVEL = "-O";
				VALIDATE_PRODUCT = YES;
			};
			name = Release;
		};
		9EAB45062742569E00D01DFF /* Debug */ = {
			isa = XCBuildConfiguration;
			buildSettings = {
				ASSETCATALOG_COMPILER_APPICON_NAME = AppIcon;
				ASSETCATALOG_COMPILER_GLOBAL_ACCENT_COLOR_NAME = AccentColor;
				CODE_SIGN_STYLE = Automatic;
				CURRENT_PROJECT_VERSION = 1;
				DEVELOPMENT_ASSET_PATHS = "\"src/Preview Content\"";
				DEVELOPMENT_TEAM = H66DJC42Q7;
				ENABLE_PREVIEWS = YES;
				GENERATE_INFOPLIST_FILE = YES;
				INFOPLIST_KEY_UIApplicationSceneManifest_Generation = YES;
				INFOPLIST_KEY_UIApplicationSupportsIndirectInputEvents = YES;
				INFOPLIST_KEY_UILaunchScreen_Generation = YES;
				INFOPLIST_KEY_UISupportedInterfaceOrientations_iPad = "UIInterfaceOrientationPortrait UIInterfaceOrientationPortraitUpsideDown UIInterfaceOrientationLandscapeLeft UIInterfaceOrientationLandscapeRight";
				INFOPLIST_KEY_UISupportedInterfaceOrientations_iPhone = "UIInterfaceOrientationPortrait UIInterfaceOrientationLandscapeLeft UIInterfaceOrientationLandscapeRight";
				LD_RUNPATH_SEARCH_PATHS = (
					"$(inherited)",
					"@executable_path/Frameworks",
				);
				MARKETING_VERSION = 1.0;
				PRODUCT_BUNDLE_IDENTIFIER = a.b.c.birthday;
				PRODUCT_NAME = "$(TARGET_NAME)";
				SWIFT_EMIT_LOC_STRINGS = YES;
				SWIFT_VERSION = 5.0;
				TARGETED_DEVICE_FAMILY = "1,2";
			};
			name = Debug;
		};
		9EAB45072742569E00D01DFF /* Release */ = {
			isa = XCBuildConfiguration;
			buildSettings = {
				ASSETCATALOG_COMPILER_APPICON_NAME = AppIcon;
				ASSETCATALOG_COMPILER_GLOBAL_ACCENT_COLOR_NAME = AccentColor;
				CODE_SIGN_STYLE = Automatic;
				CURRENT_PROJECT_VERSION = 1;
				DEVELOPMENT_ASSET_PATHS = "\"src/Preview Content\"";
				DEVELOPMENT_TEAM = H66DJC42Q7;
				ENABLE_PREVIEWS = YES;
				GENERATE_INFOPLIST_FILE = YES;
				INFOPLIST_KEY_UIApplicationSceneManifest_Generation = YES;
				INFOPLIST_KEY_UIApplicationSupportsIndirectInputEvents = YES;
				INFOPLIST_KEY_UILaunchScreen_Generation = YES;
				INFOPLIST_KEY_UISupportedInterfaceOrientations_iPad = "UIInterfaceOrientationPortrait UIInterfaceOrientationPortraitUpsideDown UIInterfaceOrientationLandscapeLeft UIInterfaceOrientationLandscapeRight";
				INFOPLIST_KEY_UISupportedInterfaceOrientations_iPhone = "UIInterfaceOrientationPortrait UIInterfaceOrientationLandscapeLeft UIInterfaceOrientationLandscapeRight";
				LD_RUNPATH_SEARCH_PATHS = (
					"$(inherited)",
					"@executable_path/Frameworks",
				);
				MARKETING_VERSION = 1.0;
				PRODUCT_BUNDLE_IDENTIFIER = a.b.c.birthday;
				PRODUCT_NAME = "$(TARGET_NAME)";
				SWIFT_EMIT_LOC_STRINGS = YES;
				SWIFT_VERSION = 5.0;
				TARGETED_DEVICE_FAMILY = "1,2";
			};
			name = Release;
		};
		9EAB45092742569E00D01DFF /* Debug */ = {
			isa = XCBuildConfiguration;
			buildSettings = {
				ALWAYS_EMBED_SWIFT_STANDARD_LIBRARIES = YES;
				BUNDLE_LOADER = "$(TEST_HOST)";
				CODE_SIGN_STYLE = Automatic;
				CURRENT_PROJECT_VERSION = 1;
				DEVELOPMENT_TEAM = H66DJC42Q7;
				GENERATE_INFOPLIST_FILE = YES;
				IPHONEOS_DEPLOYMENT_TARGET = 15.0;
				LD_RUNPATH_SEARCH_PATHS = (
					"$(inherited)",
					"@executable_path/Frameworks",
					"@loader_path/Frameworks",
				);
				MARKETING_VERSION = 1.0;
				PRODUCT_BUNDLE_IDENTIFIER = a.b.c.birthdayTests;
				PRODUCT_NAME = "$(TARGET_NAME)";
				SWIFT_EMIT_LOC_STRINGS = NO;
				SWIFT_VERSION = 5.0;
				TARGETED_DEVICE_FAMILY = "1,2";
				TEST_HOST = "$(BUILT_PRODUCTS_DIR)/birthday.app/birthday";
			};
			name = Debug;
		};
		9EAB450A2742569E00D01DFF /* Release */ = {
			isa = XCBuildConfiguration;
			buildSettings = {
				ALWAYS_EMBED_SWIFT_STANDARD_LIBRARIES = YES;
				BUNDLE_LOADER = "$(TEST_HOST)";
				CODE_SIGN_STYLE = Automatic;
				CURRENT_PROJECT_VERSION = 1;
				DEVELOPMENT_TEAM = H66DJC42Q7;
				GENERATE_INFOPLIST_FILE = YES;
				IPHONEOS_DEPLOYMENT_TARGET = 15.0;
				LD_RUNPATH_SEARCH_PATHS = (
					"$(inherited)",
					"@executable_path/Frameworks",
					"@loader_path/Frameworks",
				);
				MARKETING_VERSION = 1.0;
				PRODUCT_BUNDLE_IDENTIFIER = a.b.c.birthdayTests;
				PRODUCT_NAME = "$(TARGET_NAME)";
				SWIFT_EMIT_LOC_STRINGS = NO;
				SWIFT_VERSION = 5.0;
				TARGETED_DEVICE_FAMILY = "1,2";
				TEST_HOST = "$(BUILT_PRODUCTS_DIR)/birthday.app/birthday";
			};
			name = Release;
		};
		9EAB450C2742569E00D01DFF /* Debug */ = {
			isa = XCBuildConfiguration;
			buildSettings = {
				ALWAYS_EMBED_SWIFT_STANDARD_LIBRARIES = YES;
				CODE_SIGN_STYLE = Automatic;
				CURRENT_PROJECT_VERSION = 1;
				DEVELOPMENT_TEAM = H66DJC42Q7;
				GENERATE_INFOPLIST_FILE = YES;
				LD_RUNPATH_SEARCH_PATHS = (
					"$(inherited)",
					"@executable_path/Frameworks",
					"@loader_path/Frameworks",
				);
				MARKETING_VERSION = 1.0;
				PRODUCT_BUNDLE_IDENTIFIER = a.b.c.birthdayUITests;
				PRODUCT_NAME = "$(TARGET_NAME)";
				SWIFT_EMIT_LOC_STRINGS = NO;
				SWIFT_VERSION = 5.0;
				TARGETED_DEVICE_FAMILY = "1,2";
				TEST_TARGET_NAME = birthday;
			};
			name = Debug;
		};
		9EAB450D2742569E00D01DFF /* Release */ = {
			isa = XCBuildConfiguration;
			buildSettings = {
				ALWAYS_EMBED_SWIFT_STANDARD_LIBRARIES = YES;
				CODE_SIGN_STYLE = Automatic;
				CURRENT_PROJECT_VERSION = 1;
				DEVELOPMENT_TEAM = H66DJC42Q7;
				GENERATE_INFOPLIST_FILE = YES;
				LD_RUNPATH_SEARCH_PATHS = (
					"$(inherited)",
					"@executable_path/Frameworks",
					"@loader_path/Frameworks",
				);
				MARKETING_VERSION = 1.0;
				PRODUCT_BUNDLE_IDENTIFIER = a.b.c.birthdayUITests;
				PRODUCT_NAME = "$(TARGET_NAME)";
				SWIFT_EMIT_LOC_STRINGS = NO;
				SWIFT_VERSION = 5.0;
				TARGETED_DEVICE_FAMILY = "1,2";
				TEST_TARGET_NAME = birthday;
			};
			name = Release;
		};
/* End XCBuildConfiguration section */

/* Begin XCConfigurationList section */
		9EAB44DC2742569B00D01DFF /* Build configuration list for PBXProject "birthday" */ = {
			isa = XCConfigurationList;
			buildConfigurations = (
				9EAB45032742569E00D01DFF /* Debug */,
				9EAB45042742569E00D01DFF /* Release */,
			);
			defaultConfigurationIsVisible = 0;
			defaultConfigurationName = Release;
		};
		9EAB45052742569E00D01DFF /* Build configuration list for PBXNativeTarget "birthday" */ = {
			isa = XCConfigurationList;
			buildConfigurations = (
				9EAB45062742569E00D01DFF /* Debug */,
				9EAB45072742569E00D01DFF /* Release */,
			);
			defaultConfigurationIsVisible = 0;
			defaultConfigurationName = Release;
		};
		9EAB45082742569E00D01DFF /* Build configuration list for PBXNativeTarget "birthdayTests" */ = {
			isa = XCConfigurationList;
			buildConfigurations = (
				9EAB45092742569E00D01DFF /* Debug */,
				9EAB450A2742569E00D01DFF /* Release */,
			);
			defaultConfigurationIsVisible = 0;
			defaultConfigurationName = Release;
		};
		9EAB450B2742569E00D01DFF /* Build configuration list for PBXNativeTarget "birthdayUITests" */ = {
			isa = XCConfigurationList;
			buildConfigurations = (
				9EAB450C2742569E00D01DFF /* Debug */,
				9EAB450D2742569E00D01DFF /* Release */,
			);
			defaultConfigurationIsVisible = 0;
			defaultConfigurationName = Release;
		};
/* End XCConfigurationList section */
	};
	rootObject = 9EAB44D92742569B00D01DFF /* Project object */;
}
